{
  "name": "atoms-test2",
  "version": "1.0.0",
  "lockfileVersion": 2,
  "requires": true,
  "packages": {
    "": {
      "name": "atoms-test2",
      "version": "1.0.0",
      "license": "ISC",
      "dependencies": {
        "maska": "^2.1.8"
      }
    },
    "node_modules/maska": {
      "version": "2.1.8",
      "resolved": "https://registry.npmjs.org/maska/-/maska-2.1.8.tgz",
      "integrity": "sha512-UGhHVHUCrUQExDDdKJLWXOXYV5c7WOAKiEjeSlaptDcF34AoHdvB1083en4WGQoa4xyUnkeGvN7mjxqefw6uKw=="
    }
  },
  "dependencies": {
    "maska": {
      "version": "2.1.8",
      "resolved": "https://registry.npmjs.org/maska/-/maska-2.1.8.tgz",
      "integrity": "sha512-UGhHVHUCrUQExDDdKJLWXOXYV5c7WOAKiEjeSlaptDcF34AoHdvB1083en4WGQoa4xyUnkeGvN7mjxqefw6uKw=="
    }
  }
}
